
Microsoft Visual Studio Solution File, Format Version 12.00
# Visual Studio Version 16
VisualStudioVersion = 16.0.30804.86
MinimumVisualStudioVersion = 10.0.40219.1
Project("{FAE04EC0-301F-11D3-BF4B-00C04F79EFBC}") = "imagesharepassword.Web", "imagesharepassword.Web\imagesharepassword.Web.csproj", "{7C4AAE66-4FED-4FE2-BDC7-5A1893BFC43A}"
EndProject
Project("{FAE04EC0-301F-11D3-BF4B-00C04F79EFBC}") = "imagesharepassword.Data", "imagesharepassword.Data\imagesharepassword.Data.csproj", "{40A68AF0-0348-4DFF-A1FD-31E9ADF4BF4C}"
EndProject
Global
	GlobalSection(SolutionConfigurationPlatforms) = preSolution
		Debug|Any CPU = Debug|Any CPU
		Release|Any CPU = Release|Any CPU
	EndGlobalSection
	GlobalSection(ProjectConfigurationPlatforms) = postSolution
		{7C4AAE66-4FED-4FE2-BDC7-5A1893BFC43A}.Debug|Any CPU.ActiveCfg = Debug|Any CPU
		{7C4AAE66-4FED-4FE2-BDC7-5A1893BFC43A}.Debug|Any CPU.Build.0 = Debug|Any CPU
		{7C4AAE66-4FED-4FE2-BDC7-5A1893BFC43A}.Release|Any CPU.ActiveCfg = Release|Any CPU
		{7C4AAE66-4FED-4FE2-BDC7-5A1893BFC43A}.Release|Any CPU.Build.0 = Release|Any CPU
		{40A68AF0-0348-4DFF-A1FD-31E9ADF4BF4C}.Debug|Any CPU.ActiveCfg = Debug|Any CPU
		{40A68AF0-0348-4DFF-A1FD-31E9ADF4BF4C}.Debug|Any CPU.Build.0 = Debug|Any CPU
		{40A68AF0-0348-4DFF-A1FD-31E9ADF4BF4C}.Release|Any CPU.ActiveCfg = Release|Any CPU
		{40A68AF0-0348-4DFF-A1FD-31E9ADF4BF4C}.Release|Any CPU.Build.0 = Release|Any CPU
	EndGlobalSection
	GlobalSection(SolutionProperties) = preSolution
		HideSolutionNode = FALSE
	EndGlobalSection
	GlobalSection(ExtensibilityGlobals) = postSolution
		SolutionGuid = {D13A1C96-B701-496F-845E-F525F5526088}
	EndGlobalSection
EndGlobal
